// !$*UTF8*$!
{
	archiveVersion = 1;
	classes = {
	};
	objectVersion = 46;
	objects = {

/* Begin PBXFileReference section */
		2142B70D17286003006B9252 /* admin.py */ = {isa = PBXFileReference; lastKnownFileType = text.script.python; name = admin.py; path = ../flightlog/admin.py; sourceTree = "<group>"; };
		2142B70E17286003006B9252 /* models.py */ = {isa = PBXFileReference; lastKnownFileType = text.script.python; name = models.py; path = ../flightlog/models.py; sourceTree = "<group>"; };
		2142B70F17286003006B9252 /* views.py */ = {isa = PBXFileReference; lastKnownFileType = text.script.python; name = views.py; path = ../flightlog/views.py; sourceTree = "<group>"; };
		2142B7101728601A006B9252 /* settings.py */ = {isa = PBXFileReference; lastKnownFileType = text.script.python; name = settings.py; path = ../pilotLogBook/settings.py; sourceTree = "<group>"; };
		2142B7111728601A006B9252 /* urls.py */ = {isa = PBXFileReference; lastKnownFileType = text.script.python; name = urls.py; path = ../pilotLogBook/urls.py; sourceTree = "<group>"; };
		2142B7121728601A006B9252 /* wsgi.py */ = {isa = PBXFileReference; lastKnownFileType = text.script.python; name = wsgi.py; path = ../pilotLogBook/wsgi.py; sourceTree = "<group>"; };
		2142B7131728602B006B9252 /* base.html */ = {isa = PBXFileReference; lastKnownFileType = text.html; name = base.html; path = ../templates/flightlog/base.html; sourceTree = "<group>"; };
		2142B7141728602B006B9252 /* chart.html */ = {isa = PBXFileReference; lastKnownFileType = text.html; name = chart.html; path = ../templates/flightlog/chart.html; sourceTree = "<group>"; };
		2142B7151728602B006B9252 /* flightlog.html */ = {isa = PBXFileReference; lastKnownFileType = text.html; name = flightlog.html; path = ../templates/flightlog/flightlog.html; sourceTree = "<group>"; };
		2142B7161728602B006B9252 /* index.html */ = {isa = PBXFileReference; lastKnownFileType = text.html; name = index.html; path = ../templates/flightlog/index.html; sourceTree = "<group>"; };
		2142B7171728602B006B9252 /* overview.html */ = {isa = PBXFileReference; lastKnownFileType = text.html; name = overview.html; path = ../templates/flightlog/overview.html; sourceTree = "<group>"; };
		2142B71917286062006B9252 /* glicko.py */ = {isa = PBXFileReference; lastKnownFileType = text.script.python; name = glicko.py; path = ../../ttrank/glicko.py; sourceTree = "<group>"; };
		2142B71A1728606F006B9252 /* skilltest.py */ = {isa = PBXFileReference; lastKnownFileType = text.script.python; name = skilltest.py; path = ../../ttrank/skilltest.py; sourceTree = "<group>"; };
		2142B71B1728606F006B9252 /* utilities.py */ = {isa = PBXFileReference; lastKnownFileType = text.script.python; name = utilities.py; path = ../../ttrank/utilities.py; sourceTree = "<group>"; };
		2142B71C17286087006B9252 /* admin.py */ = {isa = PBXFileReference; lastKnownFileType = text.script.python; name = admin.py; path = ../../ttrank/rank/admin.py; sourceTree = "<group>"; };
		2142B71D17286087006B9252 /* models.py */ = {isa = PBXFileReference; lastKnownFileType = text.script.python; name = models.py; path = ../../ttrank/rank/models.py; sourceTree = "<group>"; };
		2142B71E17286087006B9252 /* views.py */ = {isa = PBXFileReference; lastKnownFileType = text.script.python; name = views.py; path = ../../ttrank/rank/views.py; sourceTree = "<group>"; };
		2142B71F17286090006B9252 /* base_ranking.html */ = {isa = PBXFileReference; lastKnownFileType = text.html; name = base_ranking.html; path = ../../ttrank/templates/rank/base_ranking.html; sourceTree = "<group>"; };
		2142B72017286090006B9252 /* base.html */ = {isa = PBXFileReference; lastKnownFileType = text.html; name = base.html; path = ../../ttrank/templates/rank/base.html; sourceTree = "<group>"; };
		2142B72117286090006B9252 /* chart.html */ = {isa = PBXFileReference; lastKnownFileType = text.html; name = chart.html; path = ../../ttrank/templates/rank/chart.html; sourceTree = "<group>"; };
		2142B72217286090006B9252 /* live.html */ = {isa = PBXFileReference; lastKnownFileType = text.html; name = live.html; path = ../../ttrank/templates/rank/live.html; sourceTree = "<group>"; };
		2142B72317286090006B9252 /* matchlog.html */ = {isa = PBXFileReference; lastKnownFileType = text.html; name = matchlog.html; path = ../../ttrank/templates/rank/matchlog.html; sourceTree = "<group>"; };
		2142B72417286090006B9252 /* ranking.html */ = {isa = PBXFileReference; lastKnownFileType = text.html; name = ranking.html; path = ../../ttrank/templates/rank/ranking.html; sourceTree = "<group>"; };
		2142B72517286090006B9252 /* what_if.html */ = {isa = PBXFileReference; lastKnownFileType = text.html; name = what_if.html; path = ../../ttrank/templates/rank/what_if.html; sourceTree = "<group>"; };
		2142B7261728609E006B9252 /* settings.py */ = {isa = PBXFileReference; lastKnownFileType = text.script.python; name = settings.py; path = ../../ttrank/ttrank/settings.py; sourceTree = "<group>"; };
		2142B7271728609E006B9252 /* urls.py */ = {isa = PBXFileReference; lastKnownFileType = text.script.python; name = urls.py; path = ../../ttrank/ttrank/urls.py; sourceTree = "<group>"; };
		2142B7281728609E006B9252 /* wsgi.py */ = {isa = PBXFileReference; lastKnownFileType = text.script.python; name = wsgi.py; path = ../../ttrank/ttrank/wsgi.py; sourceTree = "<group>"; };
		2142B72C172868AA006B9252 /* utilities.py */ = {isa = PBXFileReference; lastKnownFileType = text.script.python; name = utilities.py; path = ../utilities.py; sourceTree = "<group>"; };
		2142B72D1729C12A006B9252 /* bootstrap.css */ = {isa = PBXFileReference; lastKnownFileType = text.css; name = bootstrap.css; path = ../flightlog/static/bootstrap/css/bootstrap.css; sourceTree = "<group>"; };
		2142B72E1729DA06006B9252 /* jquery.tablesorter.js */ = {isa = PBXFileReference; lastKnownFileType = sourcecode.javascript; name = jquery.tablesorter.js; path = ../flightlog/static/bootstrap/js/jquery.tablesorter.js; sourceTree = "<group>"; };
		2142B72F172B1B0A006B9252 /* dabs.html */ = {isa = PBXFileReference; lastKnownFileType = text.html; name = dabs.html; path = ../templates/flightlog/dabs.html; sourceTree = "<group>"; };
		2142B730172D1879006B9252 /* forms.py */ = {isa = PBXFileReference; lastKnownFileType = text.script.python; name = forms.py; path = ../flightlog/forms.py; sourceTree = "<group>"; };
		2142B731172D19DA006B9252 /* list.html */ = {isa = PBXFileReference; lastKnownFileType = text.html; name = list.html; path = ../templates/flightlog/list.html; sourceTree = "<group>"; };
		2142B732172D1F83006B9252 /* urls.py */ = {isa = PBXFileReference; lastKnownFileType = text.script.python; name = urls.py; path = ../flightlog/urls.py; sourceTree = "<group>"; };
/* End PBXFileReference section */

/* Begin PBXGroup section */
		2142B70617285FE5006B9252 = {
			isa = PBXGroup;
			children = (
				2142B7181728603B006B9252 /* PilotLogBook */,
				2142B729172860A3006B9252 /* ttrank */,
			);
			sourceTree = "<group>";
		};
		2142B7181728603B006B9252 /* PilotLogBook */ = {
			isa = PBXGroup;
			children = (
				2142B72B17286138006B9252 /* templates */,
				2142B7101728601A006B9252 /* settings.py */,
				2142B730172D1879006B9252 /* forms.py */,
				2142B732172D1F83006B9252 /* urls.py */,
				2142B7111728601A006B9252 /* urls.py */,
				2142B7121728601A006B9252 /* wsgi.py */,
				2142B70D17286003006B9252 /* admin.py */,
				2142B70E17286003006B9252 /* models.py */,
				2142B70F17286003006B9252 /* views.py */,
				2142B72C172868AA006B9252 /* utilities.py */,
				2142B72E1729DA06006B9252 /* jquery.tablesorter.js */,
				2142B72D1729C12A006B9252 /* bootstrap.css */,
			);
			name = PilotLogBook;
			sourceTree = "<group>";
		};
		2142B729172860A3006B9252 /* ttrank */ = {
			isa = PBXGroup;
			children = (
				2142B72A17286128006B9252 /* templates */,
				2142B71917286062006B9252 /* glicko.py */,
				2142B71A1728606F006B9252 /* skilltest.py */,
				2142B71B1728606F006B9252 /* utilities.py */,
				2142B71C17286087006B9252 /* admin.py */,
				2142B71D17286087006B9252 /* models.py */,
				2142B71E17286087006B9252 /* views.py */,
				2142B7261728609E006B9252 /* settings.py */,
				2142B7271728609E006B9252 /* urls.py */,
				2142B7281728609E006B9252 /* wsgi.py */,
			);
			name = ttrank;
			sourceTree = "<group>";
		};
		2142B72A17286128006B9252 /* templates */ = {
			isa = PBXGroup;
			children = (
				2142B71F17286090006B9252 /* base_ranking.html */,
				2142B72017286090006B9252 /* base.html */,
				2142B72117286090006B9252 /* chart.html */,
				2142B72217286090006B9252 /* live.html */,
				2142B72317286090006B9252 /* matchlog.html */,
				2142B72417286090006B9252 /* ranking.html */,
				2142B72517286090006B9252 /* what_if.html */,
			);
			name = templates;
			sourceTree = "<group>";
		};
		2142B72B17286138006B9252 /* templates */ = {
			isa = PBXGroup;
			children = (
				2142B731172D19DA006B9252 /* list.html */,
				2142B7131728602B006B9252 /* base.html */,
				2142B7141728602B006B9252 /* chart.html */,
				2142B72F172B1B0A006B9252 /* dabs.html */,
				2142B7151728602B006B9252 /* flightlog.html */,
				2142B7161728602B006B9252 /* index.html */,
				2142B7171728602B006B9252 /* overview.html */,
			);
			name = templates;
			sourceTree = "<group>";
		};
/* End PBXGroup section */

/* Begin PBXProject section */
		2142B70717285FE5006B9252 /* Project object */ = {
			isa = PBXProject;
			attributes = {
				LastUpgradeCheck = 0460;
			};
			buildConfigurationList = 2142B70A17285FE5006B9252 /* Build configuration list for PBXProject "pilotLogBookProject" */;
			compatibilityVersion = "Xcode 3.2";
			developmentRegion = English;
			hasScannedForEncodings = 0;
			knownRegions = (
				en,
			);
			mainGroup = 2142B70617285FE5006B9252;
			projectDirPath = "";
			projectRoot = "";
			targets = (
			);
		};
/* End PBXProject section */

/* Begin XCBuildConfiguration section */
		2142B70B17285FE5006B9252 /* Debug */ = {
			isa = XCBuildConfiguration;
			buildSettings = {
			};
			name = Debug;
		};
		2142B70C17285FE5006B9252 /* Release */ = {
			isa = XCBuildConfiguration;
			buildSettings = {
			};
			name = Release;
		};
/* End XCBuildConfiguration section */

/* Begin XCConfigurationList section */
		2142B70A17285FE5006B9252 /* Build configuration list for PBXProject "pilotLogBookProject" */ = {
			isa = XCConfigurationList;
			buildConfigurations = (
				2142B70B17285FE5006B9252 /* Debug */,
				2142B70C17285FE5006B9252 /* Release */,
			);
			defaultConfigurationIsVisible = 0;
			defaultConfigurationName = Release;
		};
/* End XCConfigurationList section */
	};
	rootObject = 2142B70717285FE5006B9252 /* Project object */;
}
